
Microsoft Visual Studio Solution File, Format Version 12.00
# Visual Studio Version 16
VisualStudioVersion = 16.0.32413.511
MinimumVisualStudioVersion = 10.0.40219.1
Project("{FAE04EC0-301F-11D3-BF4B-00C04F79EFBC}") = "let_prac", "let_prac\let_prac.csproj", "{A0B486A1-D919-4E54-8C1E-8A0AB9B8DCD2}"
EndProject
Global
	GlobalSection(SolutionConfigurationPlatforms) = preSolution
		Debug|Any CPU = Debug|Any CPU
		Release|Any CPU = Release|Any CPU
	EndGlobalSection
	GlobalSection(ProjectConfigurationPlatforms) = postSolution
		{A0B486A1-D919-4E54-8C1E-8A0AB9B8DCD2}.Debug|Any CPU.ActiveCfg = Debug|Any CPU
		{A0B486A1-D919-4E54-8C1E-8A0AB9B8DCD2}.Debug|Any CPU.Build.0 = Debug|Any CPU
		{A0B486A1-D919-4E54-8C1E-8A0AB9B8DCD2}.Release|Any CPU.ActiveCfg = Release|Any CPU
		{A0B486A1-D919-4E54-8C1E-8A0AB9B8DCD2}.Release|Any CPU.Build.0 = Release|Any CPU
	EndGlobalSection
	GlobalSection(SolutionProperties) = preSolution
		HideSolutionNode = FALSE
	EndGlobalSection
	GlobalSection(ExtensibilityGlobals) = postSolution
		SolutionGuid = {67834BDE-D08A-486A-A44C-BC43225B9F13}
	EndGlobalSection
EndGlobal
